# THIS IS AN AUTOGENERATED FILE. DO NOT EDIT THIS FILE DIRECTLY.
# yarn lockfile v1


"@glidejs/glide@^3.4.1":
  version "3.4.1"
  resolved "https://registry.yarnpkg.com/@glidejs/glide/-/glide-3.4.1.tgz#8ad21f3169076e32bbfd75ed0753807662c25e90"
  integrity sha512-C34AEcK1HjSyxilRToUL54I6KAoodojUbeRlXoruobZuG0eGm8xfDL+3kgkWj7AJK4EZtunSOYfoqMp70eDtwg==
